// !$*UTF8*$!
{
	archiveVersion = 1;
	classes = {
	};
	objectVersion = 56;
	objects = {

/* Begin PBXBuildFile section */
		55B32EDA2B252B8D008BE088 /* SleepWell Watch App.app in Embed Watch Content */ = {isa = PBXBuildFile; fileRef = 55B32ED92B252B8D008BE088 /* SleepWell Watch App.app */; settings = {ATTRIBUTES = (RemoveHeadersOnCopy, ); }; };
		55B32EDF2B252B8D008BE088 /* SleepWellApp.swift in Sources */ = {isa = PBXBuildFile; fileRef = 55B32EDE2B252B8D008BE088 /* SleepWellApp.swift */; };
		55B32EE12B252B8D008BE088 /* ContentView.swift in Sources */ = {isa = PBXBuildFile; fileRef = 55B32EE02B252B8D008BE088 /* ContentView.swift */; };
		55B32EE32B252B8E008BE088 /* Assets.xcassets in Resources */ = {isa = PBXBuildFile; fileRef = 55B32EE22B252B8E008BE088 /* Assets.xcassets */; };
		55B32EE62B252B8E008BE088 /* Preview Assets.xcassets in Resources */ = {isa = PBXBuildFile; fileRef = 55B32EE52B252B8E008BE088 /* Preview Assets.xcassets */; };
		55B32EF02B252B8E008BE088 /* SleepWell_Watch_AppTests.swift in Sources */ = {isa = PBXBuildFile; fileRef = 55B32EEF2B252B8E008BE088 /* SleepWell_Watch_AppTests.swift */; };
		55B32EFA2B252B8E008BE088 /* SleepWell_Watch_AppUITests.swift in Sources */ = {isa = PBXBuildFile; fileRef = 55B32EF92B252B8E008BE088 /* SleepWell_Watch_AppUITests.swift */; };
		55B32EFC2B252B8E008BE088 /* SleepWell_Watch_AppUITestsLaunchTests.swift in Sources */ = {isa = PBXBuildFile; fileRef = 55B32EFB2B252B8E008BE088 /* SleepWell_Watch_AppUITestsLaunchTests.swift */; };
		55B32F0D2B252E19008BE088 /* HealthStore.swift in Sources */ = {isa = PBXBuildFile; fileRef = 55B32F0C2B252E19008BE088 /* HealthStore.swift */; };
		55B32F0F2B252E7B008BE088 /* SleedDataManager.swift in Sources */ = {isa = PBXBuildFile; fileRef = 55B32F0E2B252E7B008BE088 /* SleedDataManager.swift */; };
		55B32F112B252F50008BE088 /* WelcomeView.swift in Sources */ = {isa = PBXBuildFile; fileRef = 55B32F102B252F50008BE088 /* WelcomeView.swift */; };
/* End PBXBuildFile section */

/* Begin PBXContainerItemProxy section */
		55B32EDB2B252B8D008BE088 /* PBXContainerItemProxy */ = {
			isa = PBXContainerItemProxy;
			containerPortal = 55B32ECD2B252B8D008BE088 /* Project object */;
			proxyType = 1;
			remoteGlobalIDString = 55B32ED82B252B8D008BE088;
			remoteInfo = "SleepWell Watch App";
		};
		55B32EEC2B252B8E008BE088 /* PBXContainerItemProxy */ = {
			isa = PBXContainerItemProxy;
			containerPortal = 55B32ECD2B252B8D008BE088 /* Project object */;
			proxyType = 1;
			remoteGlobalIDString = 55B32ED82B252B8D008BE088;
			remoteInfo = "SleepWell Watch App";
		};
		55B32EF62B252B8E008BE088 /* PBXContainerItemProxy */ = {
			isa = PBXContainerItemProxy;
			containerPortal = 55B32ECD2B252B8D008BE088 /* Project object */;
			proxyType = 1;
			remoteGlobalIDString = 55B32ED82B252B8D008BE088;
			remoteInfo = "SleepWell Watch App";
		};
/* End PBXContainerItemProxy section */

/* Begin PBXCopyFilesBuildPhase section */
		55B32F022B252B8E008BE088 /* Embed Watch Content */ = {
			isa = PBXCopyFilesBuildPhase;
			buildActionMask = 2147483647;
			dstPath = "$(CONTENTS_FOLDER_PATH)/Watch";
			dstSubfolderSpec = 16;
			files = (
				55B32EDA2B252B8D008BE088 /* SleepWell Watch App.app in Embed Watch Content */,
			);
			name = "Embed Watch Content";
			runOnlyForDeploymentPostprocessing = 0;
		};
/* End PBXCopyFilesBuildPhase section */

/* Begin PBXFileReference section */
		55B32ED32B252B8D008BE088 /* SleepWell.app */ = {isa = PBXFileReference; explicitFileType = wrapper.application; includeInIndex = 0; path = SleepWell.app; sourceTree = BUILT_PRODUCTS_DIR; };
		55B32ED92B252B8D008BE088 /* SleepWell Watch App.app */ = {isa = PBXFileReference; explicitFileType = wrapper.application; includeInIndex = 0; path = "SleepWell Watch App.app"; sourceTree = BUILT_PRODUCTS_DIR; };
		55B32EDE2B252B8D008BE088 /* SleepWellApp.swift */ = {isa = PBXFileReference; lastKnownFileType = sourcecode.swift; path = SleepWellApp.swift; sourceTree = "<group>"; };
		55B32EE02B252B8D008BE088 /* ContentView.swift */ = {isa = PBXFileReference; lastKnownFileType = sourcecode.swift; path = ContentView.swift; sourceTree = "<group>"; };
		55B32EE22B252B8E008BE088 /* Assets.xcassets */ = {isa = PBXFileReference; lastKnownFileType = folder.assetcatalog; path = Assets.xcassets; sourceTree = "<group>"; };
		55B32EE52B252B8E008BE088 /* Preview Assets.xcassets */ = {isa = PBXFileReference; lastKnownFileType = folder.assetcatalog; path = "Preview Assets.xcassets"; sourceTree = "<group>"; };
		55B32EEB2B252B8E008BE088 /* SleepWell Watch AppTests.xctest */ = {isa = PBXFileReference; explicitFileType = wrapper.cfbundle; includeInIndex = 0; path = "SleepWell Watch AppTests.xctest"; sourceTree = BUILT_PRODUCTS_DIR; };
		55B32EEF2B252B8E008BE088 /* SleepWell_Watch_AppTests.swift */ = {isa = PBXFileReference; lastKnownFileType = sourcecode.swift; path = SleepWell_Watch_AppTests.swift; sourceTree = "<group>"; };
		55B32EF52B252B8E008BE088 /* SleepWell Watch AppUITests.xctest */ = {isa = PBXFileReference; explicitFileType = wrapper.cfbundle; includeInIndex = 0; path = "SleepWell Watch AppUITests.xctest"; sourceTree = BUILT_PRODUCTS_DIR; };
		55B32EF92B252B8E008BE088 /* SleepWell_Watch_AppUITests.swift */ = {isa = PBXFileReference; lastKnownFileType = sourcecode.swift; path = SleepWell_Watch_AppUITests.swift; sourceTree = "<group>"; };
		55B32EFB2B252B8E008BE088 /* SleepWell_Watch_AppUITestsLaunchTests.swift */ = {isa = PBXFileReference; lastKnownFileType = sourcecode.swift; path = SleepWell_Watch_AppUITestsLaunchTests.swift; sourceTree = "<group>"; };
		55B32F0C2B252E19008BE088 /* HealthStore.swift */ = {isa = PBXFileReference; lastKnownFileType = sourcecode.swift; path = HealthStore.swift; sourceTree = "<group>"; };
		55B32F0E2B252E7B008BE088 /* SleedDataManager.swift */ = {isa = PBXFileReference; lastKnownFileType = sourcecode.swift; path = SleedDataManager.swift; sourceTree = "<group>"; };
		55B32F102B252F50008BE088 /* WelcomeView.swift */ = {isa = PBXFileReference; lastKnownFileType = sourcecode.swift; path = WelcomeView.swift; sourceTree = "<group>"; };
/* End PBXFileReference section */

/* Begin PBXFrameworksBuildPhase section */
		55B32ED62B252B8D008BE088 /* Frameworks */ = {
			isa = PBXFrameworksBuildPhase;
			buildActionMask = 2147483647;
			files = (
			);
			runOnlyForDeploymentPostprocessing = 0;
		};
		55B32EE82B252B8E008BE088 /* Frameworks */ = {
			isa = PBXFrameworksBuildPhase;
			buildActionMask = 2147483647;
			files = (
			);
			runOnlyForDeploymentPostprocessing = 0;
		};
		55B32EF22B252B8E008BE088 /* Frameworks */ = {
			isa = PBXFrameworksBuildPhase;
			buildActionMask = 2147483647;
			files = (
			);
			runOnlyForDeploymentPostprocessing = 0;
		};
/* End PBXFrameworksBuildPhase section */

/* Begin PBXGroup section */
		55B32ECC2B252B8D008BE088 = {
			isa = PBXGroup;
			children = (
				55B32EDD2B252B8D008BE088 /* SleepWell Watch App */,
				55B32EEE2B252B8E008BE088 /* SleepWell Watch AppTests */,
				55B32EF82B252B8E008BE088 /* SleepWell Watch AppUITests */,
				55B32ED42B252B8D008BE088 /* Products */,
			);
			sourceTree = "<group>";
		};
		55B32ED42B252B8D008BE088 /* Products */ = {
			isa = PBXGroup;
			children = (
				55B32ED32B252B8D008BE088 /* SleepWell.app */,
				55B32ED92B252B8D008BE088 /* SleepWell Watch App.app */,
				55B32EEB2B252B8E008BE088 /* SleepWell Watch AppTests.xctest */,
				55B32EF52B252B8E008BE088 /* SleepWell Watch AppUITests.xctest */,
			);
			name = Products;
			sourceTree = "<group>";
		};
		55B32EDD2B252B8D008BE088 /* SleepWell Watch App */ = {
			isa = PBXGroup;
			children = (
				55B32F102B252F50008BE088 /* WelcomeView.swift */,
				55B32F0E2B252E7B008BE088 /* SleedDataManager.swift */,
				55B32F0C2B252E19008BE088 /* HealthStore.swift */,
				55B32EDE2B252B8D008BE088 /* SleepWellApp.swift */,
				55B32EE02B252B8D008BE088 /* ContentView.swift */,
				55B32EE22B252B8E008BE088 /* Assets.xcassets */,
				55B32EE42B252B8E008BE088 /* Preview Content */,
			);
			path = "SleepWell Watch App";
			sourceTree = "<group>";
		};
		55B32EE42B252B8E008BE088 /* Preview Content */ = {
			isa = PBXGroup;
			children = (
				55B32EE52B252B8E008BE088 /* Preview Assets.xcassets */,
			);
			path = "Preview Content";
			sourceTree = "<group>";
		};
		55B32EEE2B252B8E008BE088 /* SleepWell Watch AppTests */ = {
			isa = PBXGroup;
			children = (
				55B32EEF2B252B8E008BE088 /* SleepWell_Watch_AppTests.swift */,
			);
			path = "SleepWell Watch AppTests";
			sourceTree = "<group>";
		};
		55B32EF82B252B8E008BE088 /* SleepWell Watch AppUITests */ = {
			isa = PBXGroup;
			children = (
				55B32EF92B252B8E008BE088 /* SleepWell_Watch_AppUITests.swift */,
				55B32EFB2B252B8E008BE088 /* SleepWell_Watch_AppUITestsLaunchTests.swift */,
			);
			path = "SleepWell Watch AppUITests";
			sourceTree = "<group>";
		};
/* End PBXGroup section */

/* Begin PBXNativeTarget section */
		55B32ED22B252B8D008BE088 /* SleepWell */ = {
			isa = PBXNativeTarget;
			buildConfigurationList = 55B32F032B252B8E008BE088 /* Build configuration list for PBXNativeTarget "SleepWell" */;
			buildPhases = (
				55B32ED12B252B8D008BE088 /* Resources */,
				55B32F022B252B8E008BE088 /* Embed Watch Content */,
			);
			buildRules = (
			);
			dependencies = (
				55B32EDC2B252B8D008BE088 /* PBXTargetDependency */,
			);
			name = SleepWell;
			productName = SleepWell;
			productReference = 55B32ED32B252B8D008BE088 /* SleepWell.app */;
			productType = "com.apple.product-type.application.watchapp2-container";
		};
		55B32ED82B252B8D008BE088 /* SleepWell Watch App */ = {
			isa = PBXNativeTarget;
			buildConfigurationList = 55B32EFF2B252B8E008BE088 /* Build configuration list for PBXNativeTarget "SleepWell Watch App" */;
			buildPhases = (
				55B32ED52B252B8D008BE088 /* Sources */,
				55B32ED62B252B8D008BE088 /* Frameworks */,
				55B32ED72B252B8D008BE088 /* Resources */,
			);
			buildRules = (
			);
			dependencies = (
			);
			name = "SleepWell Watch App";
			productName = "SleepWell Watch App";
			productReference = 55B32ED92B252B8D008BE088 /* SleepWell Watch App.app */;
			productType = "com.apple.product-type.application";
		};
		55B32EEA2B252B8E008BE088 /* SleepWell Watch AppTests */ = {
			isa = PBXNativeTarget;
			buildConfigurationList = 55B32F062B252B8E008BE088 /* Build configuration list for PBXNativeTarget "SleepWell Watch AppTests" */;
			buildPhases = (
				55B32EE72B252B8E008BE088 /* Sources */,
				55B32EE82B252B8E008BE088 /* Frameworks */,
				55B32EE92B252B8E008BE088 /* Resources */,
			);
			buildRules = (
			);
			dependencies = (
				55B32EED2B252B8E008BE088 /* PBXTargetDependency */,
			);
			name = "SleepWell Watch AppTests";
			productName = "SleepWell Watch AppTests";
			productReference = 55B32EEB2B252B8E008BE088 /* SleepWell Watch AppTests.xctest */;
			productType = "com.apple.product-type.bundle.unit-test";
		};
		55B32EF42B252B8E008BE088 /* SleepWell Watch AppUITests */ = {
			isa = PBXNativeTarget;
			buildConfigurationList = 55B32F092B252B8E008BE088 /* Build configuration list for PBXNativeTarget "SleepWell Watch AppUITests" */;
			buildPhases = (
				55B32EF12B252B8E008BE088 /* Sources */,
				55B32EF22B252B8E008BE088 /* Frameworks */,
				55B32EF32B252B8E008BE088 /* Resources */,
			);
			buildRules = (
			);
			dependencies = (
				55B32EF72B252B8E008BE088 /* PBXTargetDependency */,
			);
			name = "SleepWell Watch AppUITests";
			productName = "SleepWell Watch AppUITests";
			productReference = 55B32EF52B252B8E008BE088 /* SleepWell Watch AppUITests.xctest */;
			productType = "com.apple.product-type.bundle.ui-testing";
		};
/* End PBXNativeTarget section */

/* Begin PBXProject section */
		55B32ECD2B252B8D008BE088 /* Project object */ = {
			isa = PBXProject;
			attributes = {
				BuildIndependentTargetsInParallel = 1;
				LastSwiftUpdateCheck = 1500;
				LastUpgradeCheck = 1500;
				TargetAttributes = {
					55B32ED22B252B8D008BE088 = {
						CreatedOnToolsVersion = 15.0.1;
					};
					55B32ED82B252B8D008BE088 = {
						CreatedOnToolsVersion = 15.0.1;
					};
					55B32EEA2B252B8E008BE088 = {
						CreatedOnToolsVersion = 15.0.1;
						TestTargetID = 55B32ED82B252B8D008BE088;
					};
					55B32EF42B252B8E008BE088 = {
						CreatedOnToolsVersion = 15.0.1;
						TestTargetID = 55B32ED82B252B8D008BE088;
					};
				};
			};
			buildConfigurationList = 55B32ED02B252B8D008BE088 /* Build configuration list for PBXProject "SleepWell" */;
			compatibilityVersion = "Xcode 14.0";
			developmentRegion = en;
			hasScannedForEncodings = 0;
			knownRegions = (
				en,
				Base,
			);
			mainGroup = 55B32ECC2B252B8D008BE088;
			productRefGroup = 55B32ED42B252B8D008BE088 /* Products */;
			projectDirPath = "";
			projectRoot = "";
			targets = (
				55B32ED22B252B8D008BE088 /* SleepWell */,
				55B32ED82B252B8D008BE088 /* SleepWell Watch App */,
				55B32EEA2B252B8E008BE088 /* SleepWell Watch AppTests */,
				55B32EF42B252B8E008BE088 /* SleepWell Watch AppUITests */,
			);
		};
/* End PBXProject section */

/* Begin PBXResourcesBuildPhase section */
		55B32ED12B252B8D008BE088 /* Resources */ = {
			isa = PBXResourcesBuildPhase;
			buildActionMask = 2147483647;
			files = (
			);
			runOnlyForDeploymentPostprocessing = 0;
		};
		55B32ED72B252B8D008BE088 /* Resources */ = {
			isa = PBXResourcesBuildPhase;
			buildActionMask = 2147483647;
			files = (
				55B32EE62B252B8E008BE088 /* Preview Assets.xcassets in Resources */,
				55B32EE32B252B8E008BE088 /* Assets.xcassets in Resources */,
			);
			runOnlyForDeploymentPostprocessing = 0;
		};
		55B32EE92B252B8E008BE088 /* Resources */ = {
			isa = PBXResourcesBuildPhase;
			buildActionMask = 2147483647;
			files = (
			);
			runOnlyForDeploymentPostprocessing = 0;
		};
		55B32EF32B252B8E008BE088 /* Resources */ = {
			isa = PBXResourcesBuildPhase;
			buildActionMask = 2147483647;
			files = (
			);
			runOnlyForDeploymentPostprocessing = 0;
		};
/* End PBXResourcesBuildPhase section */

/* Begin PBXSourcesBuildPhase section */
		55B32ED52B252B8D008BE088 /* Sources */ = {
			isa = PBXSourcesBuildPhase;
			buildActionMask = 2147483647;
			files = (
				55B32F112B252F50008BE088 /* WelcomeView.swift in Sources */,
				55B32EE12B252B8D008BE088 /* ContentView.swift in Sources */,
				55B32F0D2B252E19008BE088 /* HealthStore.swift in Sources */,
				55B32EDF2B252B8D008BE088 /* SleepWellApp.swift in Sources */,
				55B32F0F2B252E7B008BE088 /* SleedDataManager.swift in Sources */,
			);
			runOnlyForDeploymentPostprocessing = 0;
		};
		55B32EE72B252B8E008BE088 /* Sources */ = {
			isa = PBXSourcesBuildPhase;
			buildActionMask = 2147483647;
			files = (
				55B32EF02B252B8E008BE088 /* SleepWell_Watch_AppTests.swift in Sources */,
			);
			runOnlyForDeploymentPostprocessing = 0;
		};
		55B32EF12B252B8E008BE088 /* Sources */ = {
			isa = PBXSourcesBuildPhase;
			buildActionMask = 2147483647;
			files = (
				55B32EFC2B252B8E008BE088 /* SleepWell_Watch_AppUITestsLaunchTests.swift in Sources */,
				55B32EFA2B252B8E008BE088 /* SleepWell_Watch_AppUITests.swift in Sources */,
			);
			runOnlyForDeploymentPostprocessing = 0;
		};
/* End PBXSourcesBuildPhase section */

/* Begin PBXTargetDependency section */
		55B32EDC2B252B8D008BE088 /* PBXTargetDependency */ = {
			isa = PBXTargetDependency;
			target = 55B32ED82B252B8D008BE088 /* SleepWell Watch App */;
			targetProxy = 55B32EDB2B252B8D008BE088 /* PBXContainerItemProxy */;
		};
		55B32EED2B252B8E008BE088 /* PBXTargetDependency */ = {
			isa = PBXTargetDependency;
			target = 55B32ED82B252B8D008BE088 /* SleepWell Watch App */;
			targetProxy = 55B32EEC2B252B8E008BE088 /* PBXContainerItemProxy */;
		};
		55B32EF72B252B8E008BE088 /* PBXTargetDependency */ = {
			isa = PBXTargetDependency;
			target = 55B32ED82B252B8D008BE088 /* SleepWell Watch App */;
			targetProxy = 55B32EF62B252B8E008BE088 /* PBXContainerItemProxy */;
		};
/* End PBXTargetDependency section */

/* Begin XCBuildConfiguration section */
		55B32EFD2B252B8E008BE088 /* Debug */ = {
			isa = XCBuildConfiguration;
			buildSettings = {
				ALWAYS_SEARCH_USER_PATHS = NO;
				ASSETCATALOG_COMPILER_GENERATE_SWIFT_ASSET_SYMBOL_EXTENSIONS = YES;
				CLANG_ANALYZER_NONNULL = YES;
				CLANG_ANALYZER_NUMBER_OBJECT_CONVERSION = YES_AGGRESSIVE;
				CLANG_CXX_LANGUAGE_STANDARD = "gnu++20";
				CLANG_ENABLE_MODULES = YES;
				CLANG_ENABLE_OBJC_ARC = YES;
				CLANG_ENABLE_OBJC_WEAK = YES;
				CLANG_WARN_BLOCK_CAPTURE_AUTORELEASING = YES;
				CLANG_WARN_BOOL_CONVERSION = YES;
				CLANG_WARN_COMMA = YES;
				CLANG_WARN_CONSTANT_CONVERSION = YES;
				CLANG_WARN_DEPRECATED_OBJC_IMPLEMENTATIONS = YES;
				CLANG_WARN_DIRECT_OBJC_ISA_USAGE = YES_ERROR;
				CLANG_WARN_DOCUMENTATION_COMMENTS = YES;
				CLANG_WARN_EMPTY_BODY = YES;
				CLANG_WARN_ENUM_CONVERSION = YES;
				CLANG_WARN_INFINITE_RECURSION = YES;
				CLANG_WARN_INT_CONVERSION = YES;
				CLANG_WARN_NON_LITERAL_NULL_CONVERSION = YES;
				CLANG_WARN_OBJC_IMPLICIT_RETAIN_SELF = YES;
				CLANG_WARN_OBJC_LITERAL_CONVERSION = YES;
				CLANG_WARN_OBJC_ROOT_CLASS = YES_ERROR;
				CLANG_WARN_QUOTED_INCLUDE_IN_FRAMEWORK_HEADER = YES;
				CLANG_WARN_RANGE_LOOP_ANALYSIS = YES;
				CLANG_WARN_STRICT_PROTOTYPES = YES;
				CLANG_WARN_SUSPICIOUS_MOVE = YES;
				CLANG_WARN_UNGUARDED_AVAILABILITY = YES_AGGRESSIVE;
				CLANG_WARN_UNREACHABLE_CODE = YES;
				CLANG_WARN__DUPLICATE_METHOD_MATCH = YES;
				COPY_PHASE_STRIP = NO;
				DEBUG_INFORMATION_FORMAT = dwarf;
				ENABLE_STRICT_OBJC_MSGSEND = YES;
				ENABLE_TESTABILITY = YES;
				ENABLE_USER_SCRIPT_SANDBOXING = YES;
				GCC_C_LANGUAGE_STANDARD = gnu17;
				GCC_DYNAMIC_NO_PIC = NO;
				GCC_NO_COMMON_BLOCKS = YES;
				GCC_OPTIMIZATION_LEVEL = 0;
				GCC_PREPROCESSOR_DEFINITIONS = (
					"DEBUG=1",
					"$(inherited)",
				);
				GCC_WARN_64_TO_32_BIT_CONVERSION = YES;
				GCC_WARN_ABOUT_RETURN_TYPE = YES_ERROR;
				GCC_WARN_UNDECLARED_SELECTOR = YES;
				GCC_WARN_UNINITIALIZED_AUTOS = YES_AGGRESSIVE;
				GCC_WARN_UNUSED_FUNCTION = YES;
				GCC_WARN_UNUSED_VARIABLE = YES;
				LOCALIZATION_PREFERS_STRING_CATALOGS = YES;
				MTL_ENABLE_DEBUG_INFO = INCLUDE_SOURCE;
				MTL_FAST_MATH = YES;
				ONLY_ACTIVE_ARCH = YES;
				SWIFT_ACTIVE_COMPILATION_CONDITIONS = "DEBUG $(inherited)";
				SWIFT_OPTIMIZATION_LEVEL = "-Onone";
			};
			name = Debug;
		};
		55B32EFE2B252B8E008BE088 /* Release */ = {
			isa = XCBuildConfiguration;
			buildSettings = {
				ALWAYS_SEARCH_USER_PATHS = NO;
				ASSETCATALOG_COMPILER_GENERATE_SWIFT_ASSET_SYMBOL_EXTENSIONS = YES;
				CLANG_ANALYZER_NONNULL = YES;
				CLANG_ANALYZER_NUMBER_OBJECT_CONVERSION = YES_AGGRESSIVE;
				CLANG_CXX_LANGUAGE_STANDARD = "gnu++20";
				CLANG_ENABLE_MODULES = YES;
				CLANG_ENABLE_OBJC_ARC = YES;
				CLANG_ENABLE_OBJC_WEAK = YES;
				CLANG_WARN_BLOCK_CAPTURE_AUTORELEASING = YES;
				CLANG_WARN_BOOL_CONVERSION = YES;
				CLANG_WARN_COMMA = YES;
				CLANG_WARN_CONSTANT_CONVERSION = YES;
				CLANG_WARN_DEPRECATED_OBJC_IMPLEMENTATIONS = YES;
				CLANG_WARN_DIRECT_OBJC_ISA_USAGE = YES_ERROR;
				CLANG_WARN_DOCUMENTATION_COMMENTS = YES;
				CLANG_WARN_EMPTY_BODY = YES;
				CLANG_WARN_ENUM_CONVERSION = YES;
				CLANG_WARN_INFINITE_RECURSION = YES;
				CLANG_WARN_INT_CONVERSION = YES;
				CLANG_WARN_NON_LITERAL_NULL_CONVERSION = YES;
				CLANG_WARN_OBJC_IMPLICIT_RETAIN_SELF = YES;
				CLANG_WARN_OBJC_LITERAL_CONVERSION = YES;
				CLANG_WARN_OBJC_ROOT_CLASS = YES_ERROR;
				CLANG_WARN_QUOTED_INCLUDE_IN_FRAMEWORK_HEADER = YES;
				CLANG_WARN_RANGE_LOOP_ANALYSIS = YES;
				CLANG_WARN_STRICT_PROTOTYPES = YES;
				CLANG_WARN_SUSPICIOUS_MOVE = YES;
				CLANG_WARN_UNGUARDED_AVAILABILITY = YES_AGGRESSIVE;
				CLANG_WARN_UNREACHABLE_CODE = YES;
				CLANG_WARN__DUPLICATE_METHOD_MATCH = YES;
				COPY_PHASE_STRIP = NO;
				DEBUG_INFORMATION_FORMAT = "dwarf-with-dsym";
				ENABLE_NS_ASSERTIONS = NO;
				ENABLE_STRICT_OBJC_MSGSEND = YES;
				ENABLE_USER_SCRIPT_SANDBOXING = YES;
				GCC_C_LANGUAGE_STANDARD = gnu17;
				GCC_NO_COMMON_BLOCKS = YES;
				GCC_WARN_64_TO_32_BIT_CONVERSION = YES;
				GCC_WARN_ABOUT_RETURN_TYPE = YES_ERROR;
				GCC_WARN_UNDECLARED_SELECTOR = YES;
				GCC_WARN_UNINITIALIZED_AUTOS = YES_AGGRESSIVE;
				GCC_WARN_UNUSED_FUNCTION = YES;
				GCC_WARN_UNUSED_VARIABLE = YES;
				LOCALIZATION_PREFERS_STRING_CATALOGS = YES;
				MTL_ENABLE_DEBUG_INFO = NO;
				MTL_FAST_MATH = YES;
				SWIFT_COMPILATION_MODE = wholemodule;
			};
			name = Release;
		};
		55B32F002B252B8E008BE088 /* Debug */ = {
			isa = XCBuildConfiguration;
			buildSettings = {
				ASSETCATALOG_COMPILER_APPICON_NAME = AppIcon;
				ASSETCATALOG_COMPILER_GLOBAL_ACCENT_COLOR_NAME = AccentColor;
				CODE_SIGN_STYLE = Automatic;
				CURRENT_PROJECT_VERSION = 1;
				DEVELOPMENT_ASSET_PATHS = "\"SleepWell Watch App/Preview Content\"";
				ENABLE_PREVIEWS = YES;
				GENERATE_INFOPLIST_FILE = YES;
				INFOPLIST_KEY_CFBundleDisplayName = SleepWell;
				INFOPLIST_KEY_UISupportedInterfaceOrientations = "UIInterfaceOrientationPortrait UIInterfaceOrientationPortraitUpsideDown";
				INFOPLIST_KEY_WKWatchOnly = YES;
				LD_RUNPATH_SEARCH_PATHS = (
					"$(inherited)",
					"@executable_path/Frameworks",
				);
				MARKETING_VERSION = 1.0;
				PRODUCT_BUNDLE_IDENTIFIER = liampropst.SleepWell.watchkitapp;
				PRODUCT_NAME = "$(TARGET_NAME)";
				SDKROOT = watchos;
				SKIP_INSTALL = YES;
				SWIFT_EMIT_LOC_STRINGS = YES;
				SWIFT_VERSION = 5.0;
				TARGETED_DEVICE_FAMILY = 4;
				WATCHOS_DEPLOYMENT_TARGET = 10.0;
			};
			name = Debug;
		};
		55B32F012B252B8E008BE088 /* Release */ = {
			isa = XCBuildConfiguration;
			buildSettings = {
				ASSETCATALOG_COMPILER_APPICON_NAME = AppIcon;
				ASSETCATALOG_COMPILER_GLOBAL_ACCENT_COLOR_NAME = AccentColor;
				CODE_SIGN_STYLE = Automatic;
				CURRENT_PROJECT_VERSION = 1;
				DEVELOPMENT_ASSET_PATHS = "\"SleepWell Watch App/Preview Content\"";
				ENABLE_PREVIEWS = YES;
				GENERATE_INFOPLIST_FILE = YES;
				INFOPLIST_KEY_CFBundleDisplayName = SleepWell;
				INFOPLIST_KEY_UISupportedInterfaceOrientations = "UIInterfaceOrientationPortrait UIInterfaceOrientationPortraitUpsideDown";
				INFOPLIST_KEY_WKWatchOnly = YES;
				LD_RUNPATH_SEARCH_PATHS = (
					"$(inherited)",
					"@executable_path/Frameworks",
				);
				MARKETING_VERSION = 1.0;
				PRODUCT_BUNDLE_IDENTIFIER = liampropst.SleepWell.watchkitapp;
				PRODUCT_NAME = "$(TARGET_NAME)";
				SDKROOT = watchos;
				SKIP_INSTALL = YES;
				SWIFT_EMIT_LOC_STRINGS = YES;
				SWIFT_VERSION = 5.0;
				TARGETED_DEVICE_FAMILY = 4;
				VALIDATE_PRODUCT = YES;
				WATCHOS_DEPLOYMENT_TARGET = 10.0;
			};
			name = Release;
		};
		55B32F042B252B8E008BE088 /* Debug */ = {
			isa = XCBuildConfiguration;
			buildSettings = {
				ALWAYS_EMBED_SWIFT_STANDARD_LIBRARIES = YES;
				CODE_SIGN_STYLE = Automatic;
				CURRENT_PROJECT_VERSION = 1;
				INFOPLIST_KEY_CFBundleDisplayName = SleepWell;
				MARKETING_VERSION = 1.0;
				PRODUCT_BUNDLE_IDENTIFIER = liampropst.SleepWell;
				PRODUCT_NAME = "$(TARGET_NAME)";
				SDKROOT = iphoneos;
				SWIFT_VERSION = 5.0;
			};
			name = Debug;
		};
		55B32F052B252B8E008BE088 /* Release */ = {
			isa = XCBuildConfiguration;
			buildSettings = {
				ALWAYS_EMBED_SWIFT_STANDARD_LIBRARIES = YES;
				CODE_SIGN_STYLE = Automatic;
				CURRENT_PROJECT_VERSION = 1;
				INFOPLIST_KEY_CFBundleDisplayName = SleepWell;
				MARKETING_VERSION = 1.0;
				PRODUCT_BUNDLE_IDENTIFIER = liampropst.SleepWell;
				PRODUCT_NAME = "$(TARGET_NAME)";
				SDKROOT = iphoneos;
				SWIFT_VERSION = 5.0;
				VALIDATE_PRODUCT = YES;
			};
			name = Release;
		};
		55B32F072B252B8E008BE088 /* Debug */ = {
			isa = XCBuildConfiguration;
			buildSettings = {
				ALWAYS_EMBED_SWIFT_STANDARD_LIBRARIES = YES;
				BUNDLE_LOADER = "$(TEST_HOST)";
				CODE_SIGN_STYLE = Automatic;
				CURRENT_PROJECT_VERSION = 1;
				GENERATE_INFOPLIST_FILE = YES;
				MARKETING_VERSION = 1.0;
				PRODUCT_BUNDLE_IDENTIFIER = "liampropst.SleepWell-Watch-AppTests";
				PRODUCT_NAME = "$(TARGET_NAME)";
				SDKROOT = watchos;
				SWIFT_EMIT_LOC_STRINGS = NO;
				SWIFT_VERSION = 5.0;
				TARGETED_DEVICE_FAMILY = 4;
				TEST_HOST = "$(BUILT_PRODUCTS_DIR)/SleepWell Watch App.app/$(BUNDLE_EXECUTABLE_FOLDER_PATH)/SleepWell Watch App";
				WATCHOS_DEPLOYMENT_TARGET = 10.0;
			};
			name = Debug;
		};
		55B32F082B252B8E008BE088 /* Release */ = {
			isa = XCBuildConfiguration;
			buildSettings = {
				ALWAYS_EMBED_SWIFT_STANDARD_LIBRARIES = YES;
				BUNDLE_LOADER = "$(TEST_HOST)";
				CODE_SIGN_STYLE = Automatic;
				CURRENT_PROJECT_VERSION = 1;
				GENERATE_INFOPLIST_FILE = YES;
				MARKETING_VERSION = 1.0;
				PRODUCT_BUNDLE_IDENTIFIER = "liampropst.SleepWell-Watch-AppTests";
				PRODUCT_NAME = "$(TARGET_NAME)";
				SDKROOT = watchos;
				SWIFT_EMIT_LOC_STRINGS = NO;
				SWIFT_VERSION = 5.0;
				TARGETED_DEVICE_FAMILY = 4;
				TEST_HOST = "$(BUILT_PRODUCTS_DIR)/SleepWell Watch App.app/$(BUNDLE_EXECUTABLE_FOLDER_PATH)/SleepWell Watch App";
				VALIDATE_PRODUCT = YES;
				WATCHOS_DEPLOYMENT_TARGET = 10.0;
			};
			name = Release;
		};
		55B32F0A2B252B8E008BE088 /* Debug */ = {
			isa = XCBuildConfiguration;
			buildSettings = {
				ALWAYS_EMBED_SWIFT_STANDARD_LIBRARIES = YES;
				CODE_SIGN_STYLE = Automatic;
				CURRENT_PROJECT_VERSION = 1;
				GENERATE_INFOPLIST_FILE = YES;
				MARKETING_VERSION = 1.0;
				PRODUCT_BUNDLE_IDENTIFIER = "liampropst.SleepWell-Watch-AppUITests";
				PRODUCT_NAME = "$(TARGET_NAME)";
				SDKROOT = watchos;
				SWIFT_EMIT_LOC_STRINGS = NO;
				SWIFT_VERSION = 5.0;
				TARGETED_DEVICE_FAMILY = 4;
				TEST_TARGET_NAME = "SleepWell Watch App";
				WATCHOS_DEPLOYMENT_TARGET = 10.0;
			};
			name = Debug;
		};
		55B32F0B2B252B8E008BE088 /* Release */ = {
			isa = XCBuildConfiguration;
			buildSettings = {
				ALWAYS_EMBED_SWIFT_STANDARD_LIBRARIES = YES;
				CODE_SIGN_STYLE = Automatic;
				CURRENT_PROJECT_VERSION = 1;
				GENERATE_INFOPLIST_FILE = YES;
				MARKETING_VERSION = 1.0;
				PRODUCT_BUNDLE_IDENTIFIER = "liampropst.SleepWell-Watch-AppUITests";
				PRODUCT_NAME = "$(TARGET_NAME)";
				SDKROOT = watchos;
				SWIFT_EMIT_LOC_STRINGS = NO;
				SWIFT_VERSION = 5.0;
				TARGETED_DEVICE_FAMILY = 4;
				TEST_TARGET_NAME = "SleepWell Watch App";
				VALIDATE_PRODUCT = YES;
				WATCHOS_DEPLOYMENT_TARGET = 10.0;
			};
			name = Release;
		};
/* End XCBuildConfiguration section */

/* Begin XCConfigurationList section */
		55B32ED02B252B8D008BE088 /* Build configuration list for PBXProject "SleepWell" */ = {
			isa = XCConfigurationList;
			buildConfigurations = (
				55B32EFD2B252B8E008BE088 /* Debug */,
				55B32EFE2B252B8E008BE088 /* Release */,
			);
			defaultConfigurationIsVisible = 0;
			defaultConfigurationName = Release;
		};
		55B32EFF2B252B8E008BE088 /* Build configuration list for PBXNativeTarget "SleepWell Watch App" */ = {
			isa = XCConfigurationList;
			buildConfigurations = (
				55B32F002B252B8E008BE088 /* Debug */,
				55B32F012B252B8E008BE088 /* Release */,
			);
			defaultConfigurationIsVisible = 0;
			defaultConfigurationName = Release;
		};
		55B32F032B252B8E008BE088 /* Build configuration list for PBXNativeTarget "SleepWell" */ = {
			isa = XCConfigurationList;
			buildConfigurations = (
				55B32F042B252B8E008BE088 /* Debug */,
				55B32F052B252B8E008BE088 /* Release */,
			);
			defaultConfigurationIsVisible = 0;
			defaultConfigurationName = Release;
		};
		55B32F062B252B8E008BE088 /* Build configuration list for PBXNativeTarget "SleepWell Watch AppTests" */ = {
			isa = XCConfigurationList;
			buildConfigurations = (
				55B32F072B252B8E008BE088 /* Debug */,
				55B32F082B252B8E008BE088 /* Release */,
			);
			defaultConfigurationIsVisible = 0;
			defaultConfigurationName = Release;
		};
		55B32F092B252B8E008BE088 /* Build configuration list for PBXNativeTarget "SleepWell Watch AppUITests" */ = {
			isa = XCConfigurationList;
			buildConfigurations = (
				55B32F0A2B252B8E008BE088 /* Debug */,
				55B32F0B2B252B8E008BE088 /* Release */,
			);
			defaultConfigurationIsVisible = 0;
			defaultConfigurationName = Release;
		};
/* End XCConfigurationList section */
	};
	rootObject = 55B32ECD2B252B8D008BE088 /* Project object */;
}
